
Microsoft Visual Studio Solution File, Format Version 12.00
# Visual Studio Version 17
VisualStudioVersion = 17.8.34330.188
MinimumVisualStudioVersion = 10.0.40219.1
Project("{FAE04EC0-301F-11D3-BF4B-00C04F79EFBC}") = "AWS", "AWS\AWS.csproj", "{B1FB43BA-385A-4A5C-B470-496284D91E7F}"
EndProject
Global
	GlobalSection(SolutionConfigurationPlatforms) = preSolution
		Debug|Any CPU = Debug|Any CPU
		Release|Any CPU = Release|Any CPU
	EndGlobalSection
	GlobalSection(ProjectConfigurationPlatforms) = postSolution
		{B1FB43BA-385A-4A5C-B470-496284D91E7F}.Debug|Any CPU.ActiveCfg = Debug|Any CPU
		{B1FB43BA-385A-4A5C-B470-496284D91E7F}.Debug|Any CPU.Build.0 = Debug|Any CPU
		{B1FB43BA-385A-4A5C-B470-496284D91E7F}.Release|Any CPU.ActiveCfg = Release|Any CPU
		{B1FB43BA-385A-4A5C-B470-496284D91E7F}.Release|Any CPU.Build.0 = Release|Any CPU
	EndGlobalSection
	GlobalSection(SolutionProperties) = preSolution
		HideSolutionNode = FALSE
	EndGlobalSection
	GlobalSection(ExtensibilityGlobals) = postSolution
		SolutionGuid = {C5BF606B-E1CD-4B62-B207-62F19C913E65}
	EndGlobalSection
EndGlobal
